// !$*UTF8*$!
{
	archiveVersion = 1;
	classes = {
	};
	objectVersion = 50;
	objects = {

/* Begin PBXBuildFile section */
		17B95D65242AEA3700A9C312 /* AppDelegate.swift in Sources */ = {isa = PBXBuildFile; fileRef = 17B95D64242AEA3700A9C312 /* AppDelegate.swift */; };
		17B95D67242AEA3700A9C312 /* SceneDelegate.swift in Sources */ = {isa = PBXBuildFile; fileRef = 17B95D66242AEA3700A9C312 /* SceneDelegate.swift */; };
		17B95D69242AEA3700A9C312 /* ViewController.swift in Sources */ = {isa = PBXBuildFile; fileRef = 17B95D68242AEA3700A9C312 /* ViewController.swift */; };
		17B95D6E242AEA3800A9C312 /* Assets.xcassets in Resources */ = {isa = PBXBuildFile; fileRef = 17B95D6D242AEA3800A9C312 /* Assets.xcassets */; };
		17B95D71242AEA3800A9C312 /* LaunchScreen.storyboard in Resources */ = {isa = PBXBuildFile; fileRef = 17B95D6F242AEA3800A9C312 /* LaunchScreen.storyboard */; };
		17B95D7C242AEA3800A9C312 /* PhotoPicturePickerViewTests.swift in Sources */ = {isa = PBXBuildFile; fileRef = 17B95D7B242AEA3800A9C312 /* PhotoPicturePickerViewTests.swift */; };
		17B95D87242AEA3800A9C312 /* PhotoPicturePickerViewUITests.swift in Sources */ = {isa = PBXBuildFile; fileRef = 17B95D86242AEA3800A9C312 /* PhotoPicturePickerViewUITests.swift */; };
		17B95D96242AEABE00A9C312 /* PicturePickerController.swift in Sources */ = {isa = PBXBuildFile; fileRef = 17B95D95242AEABE00A9C312 /* PicturePickerController.swift */; };
		17B95DBD242AF0EA00A9C312 /* ConstraintMultiplierTarget.swift in Sources */ = {isa = PBXBuildFile; fileRef = 17B95D98242AF0EA00A9C312 /* ConstraintMultiplierTarget.swift */; };
		17B95DBE242AF0EA00A9C312 /* LayoutConstraintItem.swift in Sources */ = {isa = PBXBuildFile; fileRef = 17B95D99242AF0EA00A9C312 /* LayoutConstraintItem.swift */; };
		17B95DBF242AF0EA00A9C312 /* ConstraintDescription.swift in Sources */ = {isa = PBXBuildFile; fileRef = 17B95D9A242AF0EA00A9C312 /* ConstraintDescription.swift */; };
		17B95DC0242AF0EA00A9C312 /* ConstraintMakerPriortizable.swift in Sources */ = {isa = PBXBuildFile; fileRef = 17B95D9B242AF0EA00A9C312 /* ConstraintMakerPriortizable.swift */; };
		17B95DC1242AF0EA00A9C312 /* ConstraintAttributes.swift in Sources */ = {isa = PBXBuildFile; fileRef = 17B95D9C242AF0EA00A9C312 /* ConstraintAttributes.swift */; };
		17B95DC2242AF0EA00A9C312 /* ConstraintViewDSL.swift in Sources */ = {isa = PBXBuildFile; fileRef = 17B95D9D242AF0EA00A9C312 /* ConstraintViewDSL.swift */; };
		17B95DC3242AF0EA00A9C312 /* ConstraintPriorityTarget.swift in Sources */ = {isa = PBXBuildFile; fileRef = 17B95D9E242AF0EA00A9C312 /* ConstraintPriorityTarget.swift */; };
		17B95DC4242AF0EA00A9C312 /* ConstraintInsets.swift in Sources */ = {isa = PBXBuildFile; fileRef = 17B95D9F242AF0EA00A9C312 /* ConstraintInsets.swift */; };
		17B95DC5242AF0EA00A9C312 /* ConstraintMakerFinalizable.swift in Sources */ = {isa = PBXBuildFile; fileRef = 17B95DA0242AF0EA00A9C312 /* ConstraintMakerFinalizable.swift */; };
		17B95DC6242AF0EA00A9C312 /* ConstraintDSL.swift in Sources */ = {isa = PBXBuildFile; fileRef = 17B95DA1242AF0EA00A9C312 /* ConstraintDSL.swift */; };
		17B95DC7242AF0EA00A9C312 /* ConstraintMakerExtendable.swift in Sources */ = {isa = PBXBuildFile; fileRef = 17B95DA2242AF0EA00A9C312 /* ConstraintMakerExtendable.swift */; };
		17B95DC8242AF0EA00A9C312 /* ConstraintPriority.swift in Sources */ = {isa = PBXBuildFile; fileRef = 17B95DA3242AF0EA00A9C312 /* ConstraintPriority.swift */; };
		17B95DC9242AF0EA00A9C312 /* ConstraintInsetTarget.swift in Sources */ = {isa = PBXBuildFile; fileRef = 17B95DA4242AF0EA00A9C312 /* ConstraintInsetTarget.swift */; };
		17B95DCA242AF0EA00A9C312 /* ConstraintDirectionalInsetTarget.swift in Sources */ = {isa = PBXBuildFile; fileRef = 17B95DA5242AF0EA00A9C312 /* ConstraintDirectionalInsetTarget.swift */; };
		17B95DCB242AF0EA00A9C312 /* ConstraintConfig.swift in Sources */ = {isa = PBXBuildFile; fileRef = 17B95DA7242AF0EA00A9C312 /* ConstraintConfig.swift */; };
		17B95DCC242AF0EA00A9C312 /* UILayoutSupport+Extensions.swift in Sources */ = {isa = PBXBuildFile; fileRef = 17B95DA8242AF0EA00A9C312 /* UILayoutSupport+Extensions.swift */; };
		17B95DCD242AF0EA00A9C312 /* ConstraintView.swift in Sources */ = {isa = PBXBuildFile; fileRef = 17B95DA9242AF0EA00A9C312 /* ConstraintView.swift */; };
		17B95DCE242AF0EA00A9C312 /* ConstraintLayoutGuide.swift in Sources */ = {isa = PBXBuildFile; fileRef = 17B95DAA242AF0EA00A9C312 /* ConstraintLayoutGuide.swift */; };
		17B95DCF242AF0EA00A9C312 /* ConstraintLayoutSupport.swift in Sources */ = {isa = PBXBuildFile; fileRef = 17B95DAB242AF0EA00A9C312 /* ConstraintLayoutSupport.swift */; };
		17B95DD0242AF0EA00A9C312 /* Typealiases.swift in Sources */ = {isa = PBXBuildFile; fileRef = 17B95DAC242AF0EA00A9C312 /* Typealiases.swift */; };
		17B95DD1242AF0EA00A9C312 /* ConstraintConstantTarget.swift in Sources */ = {isa = PBXBuildFile; fileRef = 17B95DAD242AF0EA00A9C312 /* ConstraintConstantTarget.swift */; };
		17B95DD2242AF0EA00A9C312 /* ConstraintOffsetTarget.swift in Sources */ = {isa = PBXBuildFile; fileRef = 17B95DAE242AF0EA00A9C312 /* ConstraintOffsetTarget.swift */; };
		17B95DD3242AF0EA00A9C312 /* ConstraintMakerEditable.swift in Sources */ = {isa = PBXBuildFile; fileRef = 17B95DAF242AF0EA00A9C312 /* ConstraintMakerEditable.swift */; };
		17B95DD4242AF0EA00A9C312 /* ConstraintMaker.swift in Sources */ = {isa = PBXBuildFile; fileRef = 17B95DB0242AF0EA00A9C312 /* ConstraintMaker.swift */; };
		17B95DD5242AF0EA00A9C312 /* ConstraintRelation.swift in Sources */ = {isa = PBXBuildFile; fileRef = 17B95DB1242AF0EA00A9C312 /* ConstraintRelation.swift */; };
		17B95DD6242AF0EA00A9C312 /* ConstraintLayoutGuideDSL.swift in Sources */ = {isa = PBXBuildFile; fileRef = 17B95DB2242AF0EA00A9C312 /* ConstraintLayoutGuideDSL.swift */; };
		17B95DD7242AF0EA00A9C312 /* ConstraintView+Extensions.swift in Sources */ = {isa = PBXBuildFile; fileRef = 17B95DB3242AF0EA00A9C312 /* ConstraintView+Extensions.swift */; };
		17B95DD8242AF0EA00A9C312 /* ConstraintItem.swift in Sources */ = {isa = PBXBuildFile; fileRef = 17B95DB4242AF0EA00A9C312 /* ConstraintItem.swift */; };
		17B95DD9242AF0EA00A9C312 /* Constraint.swift in Sources */ = {isa = PBXBuildFile; fileRef = 17B95DB5242AF0EA00A9C312 /* Constraint.swift */; };
		17B95DDA242AF0EA00A9C312 /* Debugging.swift in Sources */ = {isa = PBXBuildFile; fileRef = 17B95DB6242AF0EA00A9C312 /* Debugging.swift */; };
		17B95DDB242AF0EA00A9C312 /* ConstraintRelatableTarget.swift in Sources */ = {isa = PBXBuildFile; fileRef = 17B95DB7242AF0EA00A9C312 /* ConstraintRelatableTarget.swift */; };
		17B95DDC242AF0EA00A9C312 /* LayoutConstraint.swift in Sources */ = {isa = PBXBuildFile; fileRef = 17B95DB8242AF0EA00A9C312 /* LayoutConstraint.swift */; };
		17B95DDD242AF0EA00A9C312 /* ConstraintLayoutGuide+Extensions.swift in Sources */ = {isa = PBXBuildFile; fileRef = 17B95DB9242AF0EA00A9C312 /* ConstraintLayoutGuide+Extensions.swift */; };
		17B95DDE242AF0EA00A9C312 /* ConstraintDirectionalInsets.swift in Sources */ = {isa = PBXBuildFile; fileRef = 17B95DBA242AF0EA00A9C312 /* ConstraintDirectionalInsets.swift */; };
		17B95DDF242AF0EA00A9C312 /* ConstraintLayoutSupportDSL.swift in Sources */ = {isa = PBXBuildFile; fileRef = 17B95DBB242AF0EA00A9C312 /* ConstraintLayoutSupportDSL.swift */; };
		17B95DE0242AF0EA00A9C312 /* ConstraintMakerRelatable.swift in Sources */ = {isa = PBXBuildFile; fileRef = 17B95DBC242AF0EA00A9C312 /* ConstraintMakerRelatable.swift */; };
		17B95DE4242AF1C400A9C312 /* UILabelExtension.swift in Sources */ = {isa = PBXBuildFile; fileRef = 17B95DE1242AF1C400A9C312 /* UILabelExtension.swift */; };
		17B95DE5242AF1C400A9C312 /* UIButtonExtension.swift in Sources */ = {isa = PBXBuildFile; fileRef = 17B95DE2242AF1C400A9C312 /* UIButtonExtension.swift */; };
		17B95DE6242AF1C400A9C312 /* UIImageViewExtension.swift in Sources */ = {isa = PBXBuildFile; fileRef = 17B95DE3242AF1C400A9C312 /* UIImageViewExtension.swift */; };
		17B95DE8242B3E9500A9C312 /* UIImageExtension.swift in Sources */ = {isa = PBXBuildFile; fileRef = 17B95DE7242B3E9500A9C312 /* UIImageExtension.swift */; };
/* End PBXBuildFile section */

/* Begin PBXContainerItemProxy section */
		17B95D78242AEA3800A9C312 /* PBXContainerItemProxy */ = {
			isa = PBXContainerItemProxy;
			containerPortal = 17B95D59242AEA3700A9C312 /* Project object */;
			proxyType = 1;
			remoteGlobalIDString = 17B95D60242AEA3700A9C312;
			remoteInfo = PhotoPicturePickerView;
		};
		17B95D83242AEA3800A9C312 /* PBXContainerItemProxy */ = {
			isa = PBXContainerItemProxy;
			containerPortal = 17B95D59242AEA3700A9C312 /* Project object */;
			proxyType = 1;
			remoteGlobalIDString = 17B95D60242AEA3700A9C312;
			remoteInfo = PhotoPicturePickerView;
		};
/* End PBXContainerItemProxy section */

/* Begin PBXFileReference section */
		17B95D61242AEA3700A9C312 /* PhotoPicturePickerView.app */ = {isa = PBXFileReference; explicitFileType = wrapper.application; includeInIndex = 0; path = PhotoPicturePickerView.app; sourceTree = BUILT_PRODUCTS_DIR; };
		17B95D64242AEA3700A9C312 /* AppDelegate.swift */ = {isa = PBXFileReference; lastKnownFileType = sourcecode.swift; path = AppDelegate.swift; sourceTree = "<group>"; };
		17B95D66242AEA3700A9C312 /* SceneDelegate.swift */ = {isa = PBXFileReference; lastKnownFileType = sourcecode.swift; path = SceneDelegate.swift; sourceTree = "<group>"; };
		17B95D68242AEA3700A9C312 /* ViewController.swift */ = {isa = PBXFileReference; lastKnownFileType = sourcecode.swift; path = ViewController.swift; sourceTree = "<group>"; };
		17B95D6D242AEA3800A9C312 /* Assets.xcassets */ = {isa = PBXFileReference; lastKnownFileType = folder.assetcatalog; path = Assets.xcassets; sourceTree = "<group>"; };
		17B95D70242AEA3800A9C312 /* Base */ = {isa = PBXFileReference; lastKnownFileType = file.storyboard; name = Base; path = Base.lproj/LaunchScreen.storyboard; sourceTree = "<group>"; };
		17B95D72242AEA3800A9C312 /* Info.plist */ = {isa = PBXFileReference; lastKnownFileType = text.plist.xml; path = Info.plist; sourceTree = "<group>"; };
		17B95D77242AEA3800A9C312 /* PhotoPicturePickerViewTests.xctest */ = {isa = PBXFileReference; explicitFileType = wrapper.cfbundle; includeInIndex = 0; path = PhotoPicturePickerViewTests.xctest; sourceTree = BUILT_PRODUCTS_DIR; };
		17B95D7B242AEA3800A9C312 /* PhotoPicturePickerViewTests.swift */ = {isa = PBXFileReference; lastKnownFileType = sourcecode.swift; path = PhotoPicturePickerViewTests.swift; sourceTree = "<group>"; };
		17B95D7D242AEA3800A9C312 /* Info.plist */ = {isa = PBXFileReference; lastKnownFileType = text.plist.xml; path = Info.plist; sourceTree = "<group>"; };
		17B95D82242AEA3800A9C312 /* PhotoPicturePickerViewUITests.xctest */ = {isa = PBXFileReference; explicitFileType = wrapper.cfbundle; includeInIndex = 0; path = PhotoPicturePickerViewUITests.xctest; sourceTree = BUILT_PRODUCTS_DIR; };
		17B95D86242AEA3800A9C312 /* PhotoPicturePickerViewUITests.swift */ = {isa = PBXFileReference; lastKnownFileType = sourcecode.swift; path = PhotoPicturePickerViewUITests.swift; sourceTree = "<group>"; };
		17B95D88242AEA3800A9C312 /* Info.plist */ = {isa = PBXFileReference; lastKnownFileType = text.plist.xml; path = Info.plist; sourceTree = "<group>"; };
		17B95D95242AEABE00A9C312 /* PicturePickerController.swift */ = {isa = PBXFileReference; lastKnownFileType = sourcecode.swift; path = PicturePickerController.swift; sourceTree = "<group>"; };
		17B95D98242AF0EA00A9C312 /* ConstraintMultiplierTarget.swift */ = {isa = PBXFileReference; fileEncoding = 4; lastKnownFileType = sourcecode.swift; path = ConstraintMultiplierTarget.swift; sourceTree = "<group>"; };
		17B95D99242AF0EA00A9C312 /* LayoutConstraintItem.swift */ = {isa = PBXFileReference; fileEncoding = 4; lastKnownFileType = sourcecode.swift; path = LayoutConstraintItem.swift; sourceTree = "<group>"; };
		17B95D9A242AF0EA00A9C312 /* ConstraintDescription.swift */ = {isa = PBXFileReference; fileEncoding = 4; lastKnownFileType = sourcecode.swift; path = ConstraintDescription.swift; sourceTree = "<group>"; };
		17B95D9B242AF0EA00A9C312 /* ConstraintMakerPriortizable.swift */ = {isa = PBXFileReference; fileEncoding = 4; lastKnownFileType = sourcecode.swift; path = ConstraintMakerPriortizable.swift; sourceTree = "<group>"; };
		17B95D9C242AF0EA00A9C312 /* ConstraintAttributes.swift */ = {isa = PBXFileReference; fileEncoding = 4; lastKnownFileType = sourcecode.swift; path = ConstraintAttributes.swift; sourceTree = "<group>"; };
		17B95D9D242AF0EA00A9C312 /* ConstraintViewDSL.swift */ = {isa = PBXFileReference; fileEncoding = 4; lastKnownFileType = sourcecode.swift; path = ConstraintViewDSL.swift; sourceTree = "<group>"; };
		17B95D9E242AF0EA00A9C312 /* ConstraintPriorityTarget.swift */ = {isa = PBXFileReference; fileEncoding = 4; lastKnownFileType = sourcecode.swift; path = ConstraintPriorityTarget.swift; sourceTree = "<group>"; };
		17B95D9F242AF0EA00A9C312 /* ConstraintInsets.swift */ = {isa = PBXFileReference; fileEncoding = 4; lastKnownFileType = sourcecode.swift; path = ConstraintInsets.swift; sourceTree = "<group>"; };
		17B95DA0242AF0EA00A9C312 /* ConstraintMakerFinalizable.swift */ = {isa = PBXFileReference; fileEncoding = 4; lastKnownFileType = sourcecode.swift; path = ConstraintMakerFinalizable.swift; sourceTree = "<group>"; };
		17B95DA1242AF0EA00A9C312 /* ConstraintDSL.swift */ = {isa = PBXFileReference; fileEncoding = 4; lastKnownFileType = sourcecode.swift; path = ConstraintDSL.swift; sourceTree = "<group>"; };
		17B95DA2242AF0EA00A9C312 /* ConstraintMakerExtendable.swift */ = {isa = PBXFileReference; fileEncoding = 4; lastKnownFileType = sourcecode.swift; path = ConstraintMakerExtendable.swift; sourceTree = "<group>"; };
		17B95DA3242AF0EA00A9C312 /* ConstraintPriority.swift */ = {isa = PBXFileReference; fileEncoding = 4; lastKnownFileType = sourcecode.swift; path = ConstraintPriority.swift; sourceTree = "<group>"; };
		17B95DA4242AF0EA00A9C312 /* ConstraintInsetTarget.swift */ = {isa = PBXFileReference; fileEncoding = 4; lastKnownFileType = sourcecode.swift; path = ConstraintInsetTarget.swift; sourceTree = "<group>"; };
		17B95DA5242AF0EA00A9C312 /* ConstraintDirectionalInsetTarget.swift */ = {isa = PBXFileReference; fileEncoding = 4; lastKnownFileType = sourcecode.swift; path = ConstraintDirectionalInsetTarget.swift; sourceTree = "<group>"; };
		17B95DA6242AF0EA00A9C312 /* SnapKit.h */ = {isa = PBXFileReference; fileEncoding = 4; lastKnownFileType = sourcecode.c.h; path = SnapKit.h; sourceTree = "<group>"; };
		17B95DA7242AF0EA00A9C312 /* ConstraintConfig.swift */ = {isa = PBXFileReference; fileEncoding = 4; lastKnownFileType = sourcecode.swift; path = ConstraintConfig.swift; sourceTree = "<group>"; };
		17B95DA8242AF0EA00A9C312 /* UILayoutSupport+Extensions.swift */ = {isa = PBXFileReference; fileEncoding = 4; lastKnownFileType = sourcecode.swift; path = "UILayoutSupport+Extensions.swift"; sourceTree = "<group>"; };
		17B95DA9242AF0EA00A9C312 /* ConstraintView.swift */ = {isa = PBXFileReference; fileEncoding = 4; lastKnownFileType = sourcecode.swift; path = ConstraintView.swift; sourceTree = "<group>"; };
		17B95DAA242AF0EA00A9C312 /* ConstraintLayoutGuide.swift */ = {isa = PBXFileReference; fileEncoding = 4; lastKnownFileType = sourcecode.swift; path = ConstraintLayoutGuide.swift; sourceTree = "<group>"; };
		17B95DAB242AF0EA00A9C312 /* ConstraintLayoutSupport.swift */ = {isa = PBXFileReference; fileEncoding = 4; lastKnownFileType = sourcecode.swift; path = ConstraintLayoutSupport.swift; sourceTree = "<group>"; };
		17B95DAC242AF0EA00A9C312 /* Typealiases.swift */ = {isa = PBXFileReference; fileEncoding = 4; lastKnownFileType = sourcecode.swift; path = Typealiases.swift; sourceTree = "<group>"; };
		17B95DAD242AF0EA00A9C312 /* ConstraintConstantTarget.swift */ = {isa = PBXFileReference; fileEncoding = 4; lastKnownFileType = sourcecode.swift; path = ConstraintConstantTarget.swift; sourceTree = "<group>"; };
		17B95DAE242AF0EA00A9C312 /* ConstraintOffsetTarget.swift */ = {isa = PBXFileReference; fileEncoding = 4; lastKnownFileType = sourcecode.swift; path = ConstraintOffsetTarget.swift; sourceTree = "<group>"; };
		17B95DAF242AF0EA00A9C312 /* ConstraintMakerEditable.swift */ = {isa = PBXFileReference; fileEncoding = 4; lastKnownFileType = sourcecode.swift; path = ConstraintMakerEditable.swift; sourceTree = "<group>"; };
		17B95DB0242AF0EA00A9C312 /* ConstraintMaker.swift */ = {isa = PBXFileReference; fileEncoding = 4; lastKnownFileType = sourcecode.swift; path = ConstraintMaker.swift; sourceTree = "<group>"; };
		17B95DB1242AF0EA00A9C312 /* ConstraintRelation.swift */ = {isa = PBXFileReference; fileEncoding = 4; lastKnownFileType = sourcecode.swift; path = ConstraintRelation.swift; sourceTree = "<group>"; };
		17B95DB2242AF0EA00A9C312 /* ConstraintLayoutGuideDSL.swift */ = {isa = PBXFileReference; fileEncoding = 4; lastKnownFileType = sourcecode.swift; path = ConstraintLayoutGuideDSL.swift; sourceTree = "<group>"; };
		17B95DB3242AF0EA00A9C312 /* ConstraintView+Extensions.swift */ = {isa = PBXFileReference; fileEncoding = 4; lastKnownFileType = sourcecode.swift; path = "ConstraintView+Extensions.swift"; sourceTree = "<group>"; };
		17B95DB4242AF0EA00A9C312 /* ConstraintItem.swift */ = {isa = PBXFileReference; fileEncoding = 4; lastKnownFileType = sourcecode.swift; path = ConstraintItem.swift; sourceTree = "<group>"; };
		17B95DB5242AF0EA00A9C312 /* Constraint.swift */ = {isa = PBXFileReference; fileEncoding = 4; lastKnownFileType = sourcecode.swift; path = Constraint.swift; sourceTree = "<group>"; };
		17B95DB6242AF0EA00A9C312 /* Debugging.swift */ = {isa = PBXFileReference; fileEncoding = 4; lastKnownFileType = sourcecode.swift; path = Debugging.swift; sourceTree = "<group>"; };
		17B95DB7242AF0EA00A9C312 /* ConstraintRelatableTarget.swift */ = {isa = PBXFileReference; fileEncoding = 4; lastKnownFileType = sourcecode.swift; path = ConstraintRelatableTarget.swift; sourceTree = "<group>"; };
		17B95DB8242AF0EA00A9C312 /* LayoutConstraint.swift */ = {isa = PBXFileReference; fileEncoding = 4; lastKnownFileType = sourcecode.swift; path = LayoutConstraint.swift; sourceTree = "<group>"; };
		17B95DB9242AF0EA00A9C312 /* ConstraintLayoutGuide+Extensions.swift */ = {isa = PBXFileReference; fileEncoding = 4; lastKnownFileType = sourcecode.swift; path = "ConstraintLayoutGuide+Extensions.swift"; sourceTree = "<group>"; };
		17B95DBA242AF0EA00A9C312 /* ConstraintDirectionalInsets.swift */ = {isa = PBXFileReference; fileEncoding = 4; lastKnownFileType = sourcecode.swift; path = ConstraintDirectionalInsets.swift; sourceTree = "<group>"; };
		17B95DBB242AF0EA00A9C312 /* ConstraintLayoutSupportDSL.swift */ = {isa = PBXFileReference; fileEncoding = 4; lastKnownFileType = sourcecode.swift; path = ConstraintLayoutSupportDSL.swift; sourceTree = "<group>"; };
		17B95DBC242AF0EA00A9C312 /* ConstraintMakerRelatable.swift */ = {isa = PBXFileReference; fileEncoding = 4; lastKnownFileType = sourcecode.swift; path = ConstraintMakerRelatable.swift; sourceTree = "<group>"; };
		17B95DE1242AF1C400A9C312 /* UILabelExtension.swift */ = {isa = PBXFileReference; fileEncoding = 4; lastKnownFileType = sourcecode.swift; path = UILabelExtension.swift; sourceTree = "<group>"; };
		17B95DE2242AF1C400A9C312 /* UIButtonExtension.swift */ = {isa = PBXFileReference; fileEncoding = 4; lastKnownFileType = sourcecode.swift; path = UIButtonExtension.swift; sourceTree = "<group>"; };
		17B95DE3242AF1C400A9C312 /* UIImageViewExtension.swift */ = {isa = PBXFileReference; fileEncoding = 4; lastKnownFileType = sourcecode.swift; path = UIImageViewExtension.swift; sourceTree = "<group>"; };
		17B95DE7242B3E9500A9C312 /* UIImageExtension.swift */ = {isa = PBXFileReference; lastKnownFileType = sourcecode.swift; path = UIImageExtension.swift; sourceTree = "<group>"; };
/* End PBXFileReference section */

/* Begin PBXFrameworksBuildPhase section */
		17B95D5E242AEA3700A9C312 /* Frameworks */ = {
			isa = PBXFrameworksBuildPhase;
			buildActionMask = 2147483647;
			files = (
			);
			runOnlyForDeploymentPostprocessing = 0;
		};
		17B95D74242AEA3800A9C312 /* Frameworks */ = {
			isa = PBXFrameworksBuildPhase;
			buildActionMask = 2147483647;
			files = (
			);
			runOnlyForDeploymentPostprocessing = 0;
		};
		17B95D7F242AEA3800A9C312 /* Frameworks */ = {
			isa = PBXFrameworksBuildPhase;
			buildActionMask = 2147483647;
			files = (
			);
			runOnlyForDeploymentPostprocessing = 0;
		};
/* End PBXFrameworksBuildPhase section */

/* Begin PBXGroup section */
		17B95D58242AEA3700A9C312 = {
			isa = PBXGroup;
			children = (
				17B95D63242AEA3700A9C312 /* PhotoPicturePickerView */,
				17B95D7A242AEA3800A9C312 /* PhotoPicturePickerViewTests */,
				17B95D85242AEA3800A9C312 /* PhotoPicturePickerViewUITests */,
				17B95D62242AEA3700A9C312 /* Products */,
			);
			sourceTree = "<group>";
		};
		17B95D62242AEA3700A9C312 /* Products */ = {
			isa = PBXGroup;
			children = (
				17B95D61242AEA3700A9C312 /* PhotoPicturePickerView.app */,
				17B95D77242AEA3800A9C312 /* PhotoPicturePickerViewTests.xctest */,
				17B95D82242AEA3800A9C312 /* PhotoPicturePickerViewUITests.xctest */,
			);
			name = Products;
			sourceTree = "<group>";
		};
		17B95D63242AEA3700A9C312 /* PhotoPicturePickerView */ = {
			isa = PBXGroup;
			children = (
				17B95D94242AEA8F00A9C312 /* PicturePicker */,
				17B95D64242AEA3700A9C312 /* AppDelegate.swift */,
				17B95D66242AEA3700A9C312 /* SceneDelegate.swift */,
				17B95D68242AEA3700A9C312 /* ViewController.swift */,
				17B95D6D242AEA3800A9C312 /* Assets.xcassets */,
				17B95D6F242AEA3800A9C312 /* LaunchScreen.storyboard */,
				17B95D72242AEA3800A9C312 /* Info.plist */,
			);
			path = PhotoPicturePickerView;
			sourceTree = "<group>";
		};
		17B95D7A242AEA3800A9C312 /* PhotoPicturePickerViewTests */ = {
			isa = PBXGroup;
			children = (
				17B95D7B242AEA3800A9C312 /* PhotoPicturePickerViewTests.swift */,
				17B95D7D242AEA3800A9C312 /* Info.plist */,
			);
			path = PhotoPicturePickerViewTests;
			sourceTree = "<group>";
		};
		17B95D85242AEA3800A9C312 /* PhotoPicturePickerViewUITests */ = {
			isa = PBXGroup;
			children = (
				17B95D86242AEA3800A9C312 /* PhotoPicturePickerViewUITests.swift */,
				17B95D88242AEA3800A9C312 /* Info.plist */,
			);
			path = PhotoPicturePickerViewUITests;
			sourceTree = "<group>";
		};
		17B95D94242AEA8F00A9C312 /* PicturePicker */ = {
			isa = PBXGroup;
			children = (
				17B95DE2242AF1C400A9C312 /* UIButtonExtension.swift */,
				17B95DE3242AF1C400A9C312 /* UIImageViewExtension.swift */,
				17B95DE7242B3E9500A9C312 /* UIImageExtension.swift */,
				17B95DE1242AF1C400A9C312 /* UILabelExtension.swift */,
				17B95D97242AF0EA00A9C312 /* Source */,
				17B95D95242AEABE00A9C312 /* PicturePickerController.swift */,
			);
			path = PicturePicker;
			sourceTree = "<group>";
		};
		17B95D97242AF0EA00A9C312 /* Source */ = {
			isa = PBXGroup;
			children = (
				17B95D98242AF0EA00A9C312 /* ConstraintMultiplierTarget.swift */,
				17B95D99242AF0EA00A9C312 /* LayoutConstraintItem.swift */,
				17B95D9A242AF0EA00A9C312 /* ConstraintDescription.swift */,
				17B95D9B242AF0EA00A9C312 /* ConstraintMakerPriortizable.swift */,
				17B95D9C242AF0EA00A9C312 /* ConstraintAttributes.swift */,
				17B95D9D242AF0EA00A9C312 /* ConstraintViewDSL.swift */,
				17B95D9E242AF0EA00A9C312 /* ConstraintPriorityTarget.swift */,
				17B95D9F242AF0EA00A9C312 /* ConstraintInsets.swift */,
				17B95DA0242AF0EA00A9C312 /* ConstraintMakerFinalizable.swift */,
				17B95DA1242AF0EA00A9C312 /* ConstraintDSL.swift */,
				17B95DA2242AF0EA00A9C312 /* ConstraintMakerExtendable.swift */,
				17B95DA3242AF0EA00A9C312 /* ConstraintPriority.swift */,
				17B95DA4242AF0EA00A9C312 /* ConstraintInsetTarget.swift */,
				17B95DA5242AF0EA00A9C312 /* ConstraintDirectionalInsetTarget.swift */,
				17B95DA6242AF0EA00A9C312 /* SnapKit.h */,
				17B95DA7242AF0EA00A9C312 /* ConstraintConfig.swift */,
				17B95DA8242AF0EA00A9C312 /* UILayoutSupport+Extensions.swift */,
				17B95DA9242AF0EA00A9C312 /* ConstraintView.swift */,
				17B95DAA242AF0EA00A9C312 /* ConstraintLayoutGuide.swift */,
				17B95DAB242AF0EA00A9C312 /* ConstraintLayoutSupport.swift */,
				17B95DAC242AF0EA00A9C312 /* Typealiases.swift */,
				17B95DAD242AF0EA00A9C312 /* ConstraintConstantTarget.swift */,
				17B95DAE242AF0EA00A9C312 /* ConstraintOffsetTarget.swift */,
				17B95DAF242AF0EA00A9C312 /* ConstraintMakerEditable.swift */,
				17B95DB0242AF0EA00A9C312 /* ConstraintMaker.swift */,
				17B95DB1242AF0EA00A9C312 /* ConstraintRelation.swift */,
				17B95DB2242AF0EA00A9C312 /* ConstraintLayoutGuideDSL.swift */,
				17B95DB3242AF0EA00A9C312 /* ConstraintView+Extensions.swift */,
				17B95DB4242AF0EA00A9C312 /* ConstraintItem.swift */,
				17B95DB5242AF0EA00A9C312 /* Constraint.swift */,
				17B95DB6242AF0EA00A9C312 /* Debugging.swift */,
				17B95DB7242AF0EA00A9C312 /* ConstraintRelatableTarget.swift */,
				17B95DB8242AF0EA00A9C312 /* LayoutConstraint.swift */,
				17B95DB9242AF0EA00A9C312 /* ConstraintLayoutGuide+Extensions.swift */,
				17B95DBA242AF0EA00A9C312 /* ConstraintDirectionalInsets.swift */,
				17B95DBB242AF0EA00A9C312 /* ConstraintLayoutSupportDSL.swift */,
				17B95DBC242AF0EA00A9C312 /* ConstraintMakerRelatable.swift */,
			);
			path = Source;
			sourceTree = "<group>";
		};
/* End PBXGroup section */

/* Begin PBXNativeTarget section */
		17B95D60242AEA3700A9C312 /* PhotoPicturePickerView */ = {
			isa = PBXNativeTarget;
			buildConfigurationList = 17B95D8B242AEA3800A9C312 /* Build configuration list for PBXNativeTarget "PhotoPicturePickerView" */;
			buildPhases = (
				17B95D5D242AEA3700A9C312 /* Sources */,
				17B95D5E242AEA3700A9C312 /* Frameworks */,
				17B95D5F242AEA3700A9C312 /* Resources */,
			);
			buildRules = (
			);
			dependencies = (
			);
			name = PhotoPicturePickerView;
			productName = PhotoPicturePickerView;
			productReference = 17B95D61242AEA3700A9C312 /* PhotoPicturePickerView.app */;
			productType = "com.apple.product-type.application";
		};
		17B95D76242AEA3800A9C312 /* PhotoPicturePickerViewTests */ = {
			isa = PBXNativeTarget;
			buildConfigurationList = 17B95D8E242AEA3800A9C312 /* Build configuration list for PBXNativeTarget "PhotoPicturePickerViewTests" */;
			buildPhases = (
				17B95D73242AEA3800A9C312 /* Sources */,
				17B95D74242AEA3800A9C312 /* Frameworks */,
				17B95D75242AEA3800A9C312 /* Resources */,
			);
			buildRules = (
			);
			dependencies = (
				17B95D79242AEA3800A9C312 /* PBXTargetDependency */,
			);
			name = PhotoPicturePickerViewTests;
			productName = PhotoPicturePickerViewTests;
			productReference = 17B95D77242AEA3800A9C312 /* PhotoPicturePickerViewTests.xctest */;
			productType = "com.apple.product-type.bundle.unit-test";
		};
		17B95D81242AEA3800A9C312 /* PhotoPicturePickerViewUITests */ = {
			isa = PBXNativeTarget;
			buildConfigurationList = 17B95D91242AEA3800A9C312 /* Build configuration list for PBXNativeTarget "PhotoPicturePickerViewUITests" */;
			buildPhases = (
				17B95D7E242AEA3800A9C312 /* Sources */,
				17B95D7F242AEA3800A9C312 /* Frameworks */,
				17B95D80242AEA3800A9C312 /* Resources */,
			);
			buildRules = (
			);
			dependencies = (
				17B95D84242AEA3800A9C312 /* PBXTargetDependency */,
			);
			name = PhotoPicturePickerViewUITests;
			productName = PhotoPicturePickerViewUITests;
			productReference = 17B95D82242AEA3800A9C312 /* PhotoPicturePickerViewUITests.xctest */;
			productType = "com.apple.product-type.bundle.ui-testing";
		};
/* End PBXNativeTarget section */

/* Begin PBXProject section */
		17B95D59242AEA3700A9C312 /* Project object */ = {
			isa = PBXProject;
			attributes = {
				LastSwiftUpdateCheck = 1130;
				LastUpgradeCheck = 1130;
				ORGANIZATIONNAME = "臧乾坤";
				TargetAttributes = {
					17B95D60242AEA3700A9C312 = {
						CreatedOnToolsVersion = 11.3.1;
					};
					17B95D76242AEA3800A9C312 = {
						CreatedOnToolsVersion = 11.3.1;
						TestTargetID = 17B95D60242AEA3700A9C312;
					};
					17B95D81242AEA3800A9C312 = {
						CreatedOnToolsVersion = 11.3.1;
						TestTargetID = 17B95D60242AEA3700A9C312;
					};
				};
			};
			buildConfigurationList = 17B95D5C242AEA3700A9C312 /* Build configuration list for PBXProject "PhotoPicturePickerView" */;
			compatibilityVersion = "Xcode 9.3";
			developmentRegion = en;
			hasScannedForEncodings = 0;
			knownRegions = (
				en,
				Base,
			);
			mainGroup = 17B95D58242AEA3700A9C312;
			productRefGroup = 17B95D62242AEA3700A9C312 /* Products */;
			projectDirPath = "";
			projectRoot = "";
			targets = (
				17B95D60242AEA3700A9C312 /* PhotoPicturePickerView */,
				17B95D76242AEA3800A9C312 /* PhotoPicturePickerViewTests */,
				17B95D81242AEA3800A9C312 /* PhotoPicturePickerViewUITests */,
			);
		};
/* End PBXProject section */

/* Begin PBXResourcesBuildPhase section */
		17B95D5F242AEA3700A9C312 /* Resources */ = {
			isa = PBXResourcesBuildPhase;
			buildActionMask = 2147483647;
			files = (
				17B95D71242AEA3800A9C312 /* LaunchScreen.storyboard in Resources */,
				17B95D6E242AEA3800A9C312 /* Assets.xcassets in Resources */,
			);
			runOnlyForDeploymentPostprocessing = 0;
		};
		17B95D75242AEA3800A9C312 /* Resources */ = {
			isa = PBXResourcesBuildPhase;
			buildActionMask = 2147483647;
			files = (
			);
			runOnlyForDeploymentPostprocessing = 0;
		};
		17B95D80242AEA3800A9C312 /* Resources */ = {
			isa = PBXResourcesBuildPhase;
			buildActionMask = 2147483647;
			files = (
			);
			runOnlyForDeploymentPostprocessing = 0;
		};
/* End PBXResourcesBuildPhase section */

/* Begin PBXSourcesBuildPhase section */
		17B95D5D242AEA3700A9C312 /* Sources */ = {
			isa = PBXSourcesBuildPhase;
			buildActionMask = 2147483647;
			files = (
				17B95DD5242AF0EA00A9C312 /* ConstraintRelation.swift in Sources */,
				17B95DD3242AF0EA00A9C312 /* ConstraintMakerEditable.swift in Sources */,
				17B95DE6242AF1C400A9C312 /* UIImageViewExtension.swift in Sources */,
				17B95DE0242AF0EA00A9C312 /* ConstraintMakerRelatable.swift in Sources */,
				17B95DC4242AF0EA00A9C312 /* ConstraintInsets.swift in Sources */,
				17B95DDB242AF0EA00A9C312 /* ConstraintRelatableTarget.swift in Sources */,
				17B95DD8242AF0EA00A9C312 /* ConstraintItem.swift in Sources */,
				17B95DDD242AF0EA00A9C312 /* ConstraintLayoutGuide+Extensions.swift in Sources */,
				17B95DCF242AF0EA00A9C312 /* ConstraintLayoutSupport.swift in Sources */,
				17B95DC1242AF0EA00A9C312 /* ConstraintAttributes.swift in Sources */,
				17B95DD6242AF0EA00A9C312 /* ConstraintLayoutGuideDSL.swift in Sources */,
				17B95DC2242AF0EA00A9C312 /* ConstraintViewDSL.swift in Sources */,
				17B95DE5242AF1C400A9C312 /* UIButtonExtension.swift in Sources */,
				17B95DD2242AF0EA00A9C312 /* ConstraintOffsetTarget.swift in Sources */,
				17B95DC0242AF0EA00A9C312 /* ConstraintMakerPriortizable.swift in Sources */,
				17B95DE8242B3E9500A9C312 /* UIImageExtension.swift in Sources */,
				17B95D69242AEA3700A9C312 /* ViewController.swift in Sources */,
				17B95D65242AEA3700A9C312 /* AppDelegate.swift in Sources */,
				17B95DDA242AF0EA00A9C312 /* Debugging.swift in Sources */,
				17B95DD4242AF0EA00A9C312 /* ConstraintMaker.swift in Sources */,
				17B95DC3242AF0EA00A9C312 /* ConstraintPriorityTarget.swift in Sources */,
				17B95DD7242AF0EA00A9C312 /* ConstraintView+Extensions.swift in Sources */,
				17B95DD0242AF0EA00A9C312 /* Typealiases.swift in Sources */,
				17B95D96242AEABE00A9C312 /* PicturePickerController.swift in Sources */,
				17B95DC7242AF0EA00A9C312 /* ConstraintMakerExtendable.swift in Sources */,
				17B95DD9242AF0EA00A9C312 /* Constraint.swift in Sources */,
				17B95DCD242AF0EA00A9C312 /* ConstraintView.swift in Sources */,
				17B95D67242AEA3700A9C312 /* SceneDelegate.swift in Sources */,
				17B95DCC242AF0EA00A9C312 /* UILayoutSupport+Extensions.swift in Sources */,
				17B95DC8242AF0EA00A9C312 /* ConstraintPriority.swift in Sources */,
				17B95DBD242AF0EA00A9C312 /* ConstraintMultiplierTarget.swift in Sources */,
				17B95DDE242AF0EA00A9C312 /* ConstraintDirectionalInsets.swift in Sources */,
				17B95DBF242AF0EA00A9C312 /* ConstraintDescription.swift in Sources */,
				17B95DD1242AF0EA00A9C312 /* ConstraintConstantTarget.swift in Sources */,
				17B95DC9242AF0EA00A9C312 /* ConstraintInsetTarget.swift in Sources */,
				17B95DBE242AF0EA00A9C312 /* LayoutConstraintItem.swift in Sources */,
				17B95DCE242AF0EA00A9C312 /* ConstraintLayoutGuide.swift in Sources */,
				17B95DC6242AF0EA00A9C312 /* ConstraintDSL.swift in Sources */,
				17B95DDC242AF0EA00A9C312 /* LayoutConstraint.swift in Sources */,
				17B95DDF242AF0EA00A9C312 /* ConstraintLayoutSupportDSL.swift in Sources */,
				17B95DCB242AF0EA00A9C312 /* ConstraintConfig.swift in Sources */,
				17B95DE4242AF1C400A9C312 /* UILabelExtension.swift in Sources */,
				17B95DCA242AF0EA00A9C312 /* ConstraintDirectionalInsetTarget.swift in Sources */,
				17B95DC5242AF0EA00A9C312 /* ConstraintMakerFinalizable.swift in Sources */,
			);
			runOnlyForDeploymentPostprocessing = 0;
		};
		17B95D73242AEA3800A9C312 /* Sources */ = {
			isa = PBXSourcesBuildPhase;
			buildActionMask = 2147483647;
			files = (
				17B95D7C242AEA3800A9C312 /* PhotoPicturePickerViewTests.swift in Sources */,
			);
			runOnlyForDeploymentPostprocessing = 0;
		};
		17B95D7E242AEA3800A9C312 /* Sources */ = {
			isa = PBXSourcesBuildPhase;
			buildActionMask = 2147483647;
			files = (
				17B95D87242AEA3800A9C312 /* PhotoPicturePickerViewUITests.swift in Sources */,
			);
			runOnlyForDeploymentPostprocessing = 0;
		};
/* End PBXSourcesBuildPhase section */

/* Begin PBXTargetDependency section */
		17B95D79242AEA3800A9C312 /* PBXTargetDependency */ = {
			isa = PBXTargetDependency;
			target = 17B95D60242AEA3700A9C312 /* PhotoPicturePickerView */;
			targetProxy = 17B95D78242AEA3800A9C312 /* PBXContainerItemProxy */;
		};
		17B95D84242AEA3800A9C312 /* PBXTargetDependency */ = {
			isa = PBXTargetDependency;
			target = 17B95D60242AEA3700A9C312 /* PhotoPicturePickerView */;
			targetProxy = 17B95D83242AEA3800A9C312 /* PBXContainerItemProxy */;
		};
/* End PBXTargetDependency section */

/* Begin PBXVariantGroup section */
		17B95D6F242AEA3800A9C312 /* LaunchScreen.storyboard */ = {
			isa = PBXVariantGroup;
			children = (
				17B95D70242AEA3800A9C312 /* Base */,
			);
			name = LaunchScreen.storyboard;
			sourceTree = "<group>";
		};
/* End PBXVariantGroup section */

/* Begin XCBuildConfiguration section */
		17B95D89242AEA3800A9C312 /* Debug */ = {
			isa = XCBuildConfiguration;
			buildSettings = {
				ALWAYS_SEARCH_USER_PATHS = NO;
				CLANG_ANALYZER_NONNULL = YES;
				CLANG_ANALYZER_NUMBER_OBJECT_CONVERSION = YES_AGGRESSIVE;
				CLANG_CXX_LANGUAGE_STANDARD = "gnu++14";
				CLANG_CXX_LIBRARY = "libc++";
				CLANG_ENABLE_MODULES = YES;
				CLANG_ENABLE_OBJC_ARC = YES;
				CLANG_ENABLE_OBJC_WEAK = YES;
				CLANG_WARN_BLOCK_CAPTURE_AUTORELEASING = YES;
				CLANG_WARN_BOOL_CONVERSION = YES;
				CLANG_WARN_COMMA = YES;
				CLANG_WARN_CONSTANT_CONVERSION = YES;
				CLANG_WARN_DEPRECATED_OBJC_IMPLEMENTATIONS = YES;
				CLANG_WARN_DIRECT_OBJC_ISA_USAGE = YES_ERROR;
				CLANG_WARN_DOCUMENTATION_COMMENTS = YES;
				CLANG_WARN_EMPTY_BODY = YES;
				CLANG_WARN_ENUM_CONVERSION = YES;
				CLANG_WARN_INFINITE_RECURSION = YES;
				CLANG_WARN_INT_CONVERSION = YES;
				CLANG_WARN_NON_LITERAL_NULL_CONVERSION = YES;
				CLANG_WARN_OBJC_IMPLICIT_RETAIN_SELF = YES;
				CLANG_WARN_OBJC_LITERAL_CONVERSION = YES;
				CLANG_WARN_OBJC_ROOT_CLASS = YES_ERROR;
				CLANG_WARN_RANGE_LOOP_ANALYSIS = YES;
				CLANG_WARN_STRICT_PROTOTYPES = YES;
				CLANG_WARN_SUSPICIOUS_MOVE = YES;
				CLANG_WARN_UNGUARDED_AVAILABILITY = YES_AGGRESSIVE;
				CLANG_WARN_UNREACHABLE_CODE = YES;
				CLANG_WARN__DUPLICATE_METHOD_MATCH = YES;
				COPY_PHASE_STRIP = NO;
				DEBUG_INFORMATION_FORMAT = dwarf;
				ENABLE_STRICT_OBJC_MSGSEND = YES;
				ENABLE_TESTABILITY = YES;
				GCC_C_LANGUAGE_STANDARD = gnu11;
				GCC_DYNAMIC_NO_PIC = NO;
				GCC_NO_COMMON_BLOCKS = YES;
				GCC_OPTIMIZATION_LEVEL = 0;
				GCC_PREPROCESSOR_DEFINITIONS = (
					"DEBUG=1",
					"$(inherited)",
				);
				GCC_WARN_64_TO_32_BIT_CONVERSION = YES;
				GCC_WARN_ABOUT_RETURN_TYPE = YES_ERROR;
				GCC_WARN_UNDECLARED_SELECTOR = YES;
				GCC_WARN_UNINITIALIZED_AUTOS = YES_AGGRESSIVE;
				GCC_WARN_UNUSED_FUNCTION = YES;
				GCC_WARN_UNUSED_VARIABLE = YES;
				IPHONEOS_DEPLOYMENT_TARGET = 13.2;
				MTL_ENABLE_DEBUG_INFO = INCLUDE_SOURCE;
				MTL_FAST_MATH = YES;
				ONLY_ACTIVE_ARCH = YES;
				SDKROOT = iphoneos;
				SWIFT_ACTIVE_COMPILATION_CONDITIONS = DEBUG;
				SWIFT_OPTIMIZATION_LEVEL = "-Onone";
			};
			name = Debug;
		};
		17B95D8A242AEA3800A9C312 /* Release */ = {
			isa = XCBuildConfiguration;
			buildSettings = {
				ALWAYS_SEARCH_USER_PATHS = NO;
				CLANG_ANALYZER_NONNULL = YES;
				CLANG_ANALYZER_NUMBER_OBJECT_CONVERSION = YES_AGGRESSIVE;
				CLANG_CXX_LANGUAGE_STANDARD = "gnu++14";
				CLANG_CXX_LIBRARY = "libc++";
				CLANG_ENABLE_MODULES = YES;
				CLANG_ENABLE_OBJC_ARC = YES;
				CLANG_ENABLE_OBJC_WEAK = YES;
				CLANG_WARN_BLOCK_CAPTURE_AUTORELEASING = YES;
				CLANG_WARN_BOOL_CONVERSION = YES;
				CLANG_WARN_COMMA = YES;
				CLANG_WARN_CONSTANT_CONVERSION = YES;
				CLANG_WARN_DEPRECATED_OBJC_IMPLEMENTATIONS = YES;
				CLANG_WARN_DIRECT_OBJC_ISA_USAGE = YES_ERROR;
				CLANG_WARN_DOCUMENTATION_COMMENTS = YES;
				CLANG_WARN_EMPTY_BODY = YES;
				CLANG_WARN_ENUM_CONVERSION = YES;
				CLANG_WARN_INFINITE_RECURSION = YES;
				CLANG_WARN_INT_CONVERSION = YES;
				CLANG_WARN_NON_LITERAL_NULL_CONVERSION = YES;
				CLANG_WARN_OBJC_IMPLICIT_RETAIN_SELF = YES;
				CLANG_WARN_OBJC_LITERAL_CONVERSION = YES;
				CLANG_WARN_OBJC_ROOT_CLASS = YES_ERROR;
				CLANG_WARN_RANGE_LOOP_ANALYSIS = YES;
				CLANG_WARN_STRICT_PROTOTYPES = YES;
				CLANG_WARN_SUSPICIOUS_MOVE = YES;
				CLANG_WARN_UNGUARDED_AVAILABILITY = YES_AGGRESSIVE;
				CLANG_WARN_UNREACHABLE_CODE = YES;
				CLANG_WARN__DUPLICATE_METHOD_MATCH = YES;
				COPY_PHASE_STRIP = NO;
				DEBUG_INFORMATION_FORMAT = "dwarf-with-dsym";
				ENABLE_NS_ASSERTIONS = NO;
				ENABLE_STRICT_OBJC_MSGSEND = YES;
				GCC_C_LANGUAGE_STANDARD = gnu11;
				GCC_NO_COMMON_BLOCKS = YES;
				GCC_WARN_64_TO_32_BIT_CONVERSION = YES;
				GCC_WARN_ABOUT_RETURN_TYPE = YES_ERROR;
				GCC_WARN_UNDECLARED_SELECTOR = YES;
				GCC_WARN_UNINITIALIZED_AUTOS = YES_AGGRESSIVE;
				GCC_WARN_UNUSED_FUNCTION = YES;
				GCC_WARN_UNUSED_VARIABLE = YES;
				IPHONEOS_DEPLOYMENT_TARGET = 13.2;
				MTL_ENABLE_DEBUG_INFO = NO;
				MTL_FAST_MATH = YES;
				SDKROOT = iphoneos;
				SWIFT_COMPILATION_MODE = wholemodule;
				SWIFT_OPTIMIZATION_LEVEL = "-O";
				VALIDATE_PRODUCT = YES;
			};
			name = Release;
		};
		17B95D8C242AEA3800A9C312 /* Debug */ = {
			isa = XCBuildConfiguration;
			buildSettings = {
				ASSETCATALOG_COMPILER_APPICON_NAME = AppIcon;
				CODE_SIGN_STYLE = Automatic;
				DEVELOPMENT_TEAM = GKY55PPXT6;
				INFOPLIST_FILE = PhotoPicturePickerView/Info.plist;
				LD_RUNPATH_SEARCH_PATHS = (
					"$(inherited)",
					"@executable_path/Frameworks",
				);
				PRODUCT_BUNDLE_IDENTIFIER = com.QuentinZang.PhotoPicturePickerView;
				PRODUCT_NAME = "$(TARGET_NAME)";
				SWIFT_VERSION = 5.0;
				TARGETED_DEVICE_FAMILY = "1,2";
			};
			name = Debug;
		};
		17B95D8D242AEA3800A9C312 /* Release */ = {
			isa = XCBuildConfiguration;
			buildSettings = {
				ASSETCATALOG_COMPILER_APPICON_NAME = AppIcon;
				CODE_SIGN_STYLE = Automatic;
				DEVELOPMENT_TEAM = GKY55PPXT6;
				INFOPLIST_FILE = PhotoPicturePickerView/Info.plist;
				LD_RUNPATH_SEARCH_PATHS = (
					"$(inherited)",
					"@executable_path/Frameworks",
				);
				PRODUCT_BUNDLE_IDENTIFIER = com.QuentinZang.PhotoPicturePickerView;
				PRODUCT_NAME = "$(TARGET_NAME)";
				SWIFT_VERSION = 5.0;
				TARGETED_DEVICE_FAMILY = "1,2";
			};
			name = Release;
		};
		17B95D8F242AEA3800A9C312 /* Debug */ = {
			isa = XCBuildConfiguration;
			buildSettings = {
				ALWAYS_EMBED_SWIFT_STANDARD_LIBRARIES = YES;
				BUNDLE_LOADER = "$(TEST_HOST)";
				CODE_SIGN_STYLE = Automatic;
				DEVELOPMENT_TEAM = GKY55PPXT6;
				INFOPLIST_FILE = PhotoPicturePickerViewTests/Info.plist;
				IPHONEOS_DEPLOYMENT_TARGET = 13.2;
				LD_RUNPATH_SEARCH_PATHS = (
					"$(inherited)",
					"@executable_path/Frameworks",
					"@loader_path/Frameworks",
				);
				PRODUCT_BUNDLE_IDENTIFIER = com.QuentinZang.PhotoPicturePickerViewTests;
				PRODUCT_NAME = "$(TARGET_NAME)";
				SWIFT_VERSION = 5.0;
				TARGETED_DEVICE_FAMILY = "1,2";
				TEST_HOST = "$(BUILT_PRODUCTS_DIR)/PhotoPicturePickerView.app/PhotoPicturePickerView";
			};
			name = Debug;
		};
		17B95D90242AEA3800A9C312 /* Release */ = {
			isa = XCBuildConfiguration;
			buildSettings = {
				ALWAYS_EMBED_SWIFT_STANDARD_LIBRARIES = YES;
				BUNDLE_LOADER = "$(TEST_HOST)";
				CODE_SIGN_STYLE = Automatic;
				DEVELOPMENT_TEAM = GKY55PPXT6;
				INFOPLIST_FILE = PhotoPicturePickerViewTests/Info.plist;
				IPHONEOS_DEPLOYMENT_TARGET = 13.2;
				LD_RUNPATH_SEARCH_PATHS = (
					"$(inherited)",
					"@executable_path/Frameworks",
					"@loader_path/Frameworks",
				);
				PRODUCT_BUNDLE_IDENTIFIER = com.QuentinZang.PhotoPicturePickerViewTests;
				PRODUCT_NAME = "$(TARGET_NAME)";
				SWIFT_VERSION = 5.0;
				TARGETED_DEVICE_FAMILY = "1,2";
				TEST_HOST = "$(BUILT_PRODUCTS_DIR)/PhotoPicturePickerView.app/PhotoPicturePickerView";
			};
			name = Release;
		};
		17B95D92242AEA3800A9C312 /* Debug */ = {
			isa = XCBuildConfiguration;
			buildSettings = {
				ALWAYS_EMBED_SWIFT_STANDARD_LIBRARIES = YES;
				CODE_SIGN_STYLE = Automatic;
				DEVELOPMENT_TEAM = GKY55PPXT6;
				INFOPLIST_FILE = PhotoPicturePickerViewUITests/Info.plist;
				LD_RUNPATH_SEARCH_PATHS = (
					"$(inherited)",
					"@executable_path/Frameworks",
					"@loader_path/Frameworks",
				);
				PRODUCT_BUNDLE_IDENTIFIER = com.QuentinZang.PhotoPicturePickerViewUITests;
				PRODUCT_NAME = "$(TARGET_NAME)";
				SWIFT_VERSION = 5.0;
				TARGETED_DEVICE_FAMILY = "1,2";
				TEST_TARGET_NAME = PhotoPicturePickerView;
			};
			name = Debug;
		};
		17B95D93242AEA3800A9C312 /* Release */ = {
			isa = XCBuildConfiguration;
			buildSettings = {
				ALWAYS_EMBED_SWIFT_STANDARD_LIBRARIES = YES;
				CODE_SIGN_STYLE = Automatic;
				DEVELOPMENT_TEAM = GKY55PPXT6;
				INFOPLIST_FILE = PhotoPicturePickerViewUITests/Info.plist;
				LD_RUNPATH_SEARCH_PATHS = (
					"$(inherited)",
					"@executable_path/Frameworks",
					"@loader_path/Frameworks",
				);
				PRODUCT_BUNDLE_IDENTIFIER = com.QuentinZang.PhotoPicturePickerViewUITests;
				PRODUCT_NAME = "$(TARGET_NAME)";
				SWIFT_VERSION = 5.0;
				TARGETED_DEVICE_FAMILY = "1,2";
				TEST_TARGET_NAME = PhotoPicturePickerView;
			};
			name = Release;
		};
/* End XCBuildConfiguration section */

/* Begin XCConfigurationList section */
		17B95D5C242AEA3700A9C312 /* Build configuration list for PBXProject "PhotoPicturePickerView" */ = {
			isa = XCConfigurationList;
			buildConfigurations = (
				17B95D89242AEA3800A9C312 /* Debug */,
				17B95D8A242AEA3800A9C312 /* Release */,
			);
			defaultConfigurationIsVisible = 0;
			defaultConfigurationName = Release;
		};
		17B95D8B242AEA3800A9C312 /* Build configuration list for PBXNativeTarget "PhotoPicturePickerView" */ = {
			isa = XCConfigurationList;
			buildConfigurations = (
				17B95D8C242AEA3800A9C312 /* Debug */,
				17B95D8D242AEA3800A9C312 /* Release */,
			);
			defaultConfigurationIsVisible = 0;
			defaultConfigurationName = Release;
		};
		17B95D8E242AEA3800A9C312 /* Build configuration list for PBXNativeTarget "PhotoPicturePickerViewTests" */ = {
			isa = XCConfigurationList;
			buildConfigurations = (
				17B95D8F242AEA3800A9C312 /* Debug */,
				17B95D90242AEA3800A9C312 /* Release */,
			);
			defaultConfigurationIsVisible = 0;
			defaultConfigurationName = Release;
		};
		17B95D91242AEA3800A9C312 /* Build configuration list for PBXNativeTarget "PhotoPicturePickerViewUITests" */ = {
			isa = XCConfigurationList;
			buildConfigurations = (
				17B95D92242AEA3800A9C312 /* Debug */,
				17B95D93242AEA3800A9C312 /* Release */,
			);
			defaultConfigurationIsVisible = 0;
			defaultConfigurationName = Release;
		};
/* End XCConfigurationList section */
	};
	rootObject = 17B95D59242AEA3700A9C312 /* Project object */;
}
